// !$*UTF8*$!
{
	archiveVersion = 1;
	classes = {
	};
	objectVersion = 50;
	objects = {

/* Begin PBXBuildFile section */
		807A4DEA2303A7EE00F0E360 /* AppDelegate.m in Sources */ = {isa = PBXBuildFile; fileRef = 807A4DE92303A7EE00F0E360 /* AppDelegate.m */; };
		807A4DED2303A7EE00F0E360 /* ViewController.m in Sources */ = {isa = PBXBuildFile; fileRef = 807A4DEC2303A7EE00F0E360 /* ViewController.m */; };
		807A4DF02303A7EE00F0E360 /* Main.storyboard in Resources */ = {isa = PBXBuildFile; fileRef = 807A4DEE2303A7EE00F0E360 /* Main.storyboard */; };
		807A4DF22303A7F000F0E360 /* Assets.xcassets in Resources */ = {isa = PBXBuildFile; fileRef = 807A4DF12303A7F000F0E360 /* Assets.xcassets */; };
		807A4DF52303A7F000F0E360 /* LaunchScreen.storyboard in Resources */ = {isa = PBXBuildFile; fileRef = 807A4DF32303A7F000F0E360 /* LaunchScreen.storyboard */; };
		807A4DF82303A7F000F0E360 /* main.m in Sources */ = {isa = PBXBuildFile; fileRef = 807A4DF72303A7F000F0E360 /* main.m */; };
/* End PBXBuildFile section */

/* Begin PBXFileReference section */
		807A4DE52303A7EE00F0E360 /* ThreadGroup.app */ = {isa = PBXFileReference; explicitFileType = wrapper.application; includeInIndex = 0; path = ThreadGroup.app; sourceTree = BUILT_PRODUCTS_DIR; };
		807A4DE82303A7EE00F0E360 /* AppDelegate.h */ = {isa = PBXFileReference; lastKnownFileType = sourcecode.c.h; path = AppDelegate.h; sourceTree = "<group>"; };
		807A4DE92303A7EE00F0E360 /* AppDelegate.m */ = {isa = PBXFileReference; lastKnownFileType = sourcecode.c.objc; path = AppDelegate.m; sourceTree = "<group>"; };
		807A4DEB2303A7EE00F0E360 /* ViewController.h */ = {isa = PBXFileReference; lastKnownFileType = sourcecode.c.h; path = ViewController.h; sourceTree = "<group>"; };
		807A4DEC2303A7EE00F0E360 /* ViewController.m */ = {isa = PBXFileReference; lastKnownFileType = sourcecode.c.objc; path = ViewController.m; sourceTree = "<group>"; };
		807A4DEF2303A7EE00F0E360 /* Base */ = {isa = PBXFileReference; lastKnownFileType = file.storyboard; name = Base; path = Base.lproj/Main.storyboard; sourceTree = "<group>"; };
		807A4DF12303A7F000F0E360 /* Assets.xcassets */ = {isa = PBXFileReference; lastKnownFileType = folder.assetcatalog; path = Assets.xcassets; sourceTree = "<group>"; };
		807A4DF42303A7F000F0E360 /* Base */ = {isa = PBXFileReference; lastKnownFileType = file.storyboard; name = Base; path = Base.lproj/LaunchScreen.storyboard; sourceTree = "<group>"; };
		807A4DF62303A7F000F0E360 /* Info.plist */ = {isa = PBXFileReference; lastKnownFileType = text.plist.xml; path = Info.plist; sourceTree = "<group>"; };
		807A4DF72303A7F000F0E360 /* main.m */ = {isa = PBXFileReference; lastKnownFileType = sourcecode.c.objc; path = main.m; sourceTree = "<group>"; };
/* End PBXFileReference section */

/* Begin PBXFrameworksBuildPhase section */
		807A4DE22303A7EE00F0E360 /* Frameworks */ = {
			isa = PBXFrameworksBuildPhase;
			buildActionMask = 2147483647;
			files = (
			);
			runOnlyForDeploymentPostprocessing = 0;
		};
/* End PBXFrameworksBuildPhase section */

/* Begin PBXGroup section */
		807A4DDC2303A7EE00F0E360 = {
			isa = PBXGroup;
			children = (
				807A4DE72303A7EE00F0E360 /* ThreadGroup */,
				807A4DE62303A7EE00F0E360 /* Products */,
			);
			sourceTree = "<group>";
		};
		807A4DE62303A7EE00F0E360 /* Products */ = {
			isa = PBXGroup;
			children = (
				807A4DE52303A7EE00F0E360 /* ThreadGroup.app */,
			);
			name = Products;
			sourceTree = "<group>";
		};
		807A4DE72303A7EE00F0E360 /* ThreadGroup */ = {
			isa = PBXGroup;
			children = (
				807A4DE82303A7EE00F0E360 /* AppDelegate.h */,
				807A4DE92303A7EE00F0E360 /* AppDelegate.m */,
				807A4DEB2303A7EE00F0E360 /* ViewController.h */,
				807A4DEC2303A7EE00F0E360 /* ViewController.m */,
				807A4DEE2303A7EE00F0E360 /* Main.storyboard */,
				807A4DF12303A7F000F0E360 /* Assets.xcassets */,
				807A4DF32303A7F000F0E360 /* LaunchScreen.storyboard */,
				807A4DF62303A7F000F0E360 /* Info.plist */,
				807A4DF72303A7F000F0E360 /* main.m */,
			);
			path = ThreadGroup;
			sourceTree = "<group>";
		};
/* End PBXGroup section */

/* Begin PBXNativeTarget section */
		807A4DE42303A7EE00F0E360 /* ThreadGroup */ = {
			isa = PBXNativeTarget;
			buildConfigurationList = 807A4DFB2303A7F000F0E360 /* Build configuration list for PBXNativeTarget "ThreadGroup" */;
			buildPhases = (
				807A4DE12303A7EE00F0E360 /* Sources */,
				807A4DE22303A7EE00F0E360 /* Frameworks */,
				807A4DE32303A7EE00F0E360 /* Resources */,
			);
			buildRules = (
			);
			dependencies = (
			);
			name = ThreadGroup;
			productName = ThreadGroup;
			productReference = 807A4DE52303A7EE00F0E360 /* ThreadGroup.app */;
			productType = "com.apple.product-type.application";
		};
/* End PBXNativeTarget section */

/* Begin PBXProject section */
		807A4DDD2303A7EE00F0E360 /* Project object */ = {
			isa = PBXProject;
			attributes = {
				LastUpgradeCheck = 1030;
				ORGANIZATIONNAME = ushareit.com;
				TargetAttributes = {
					807A4DE42303A7EE00F0E360 = {
						CreatedOnToolsVersion = 10.3;
					};
				};
			};
			buildConfigurationList = 807A4DE02303A7EE00F0E360 /* Build configuration list for PBXProject "ThreadGroup" */;
			compatibilityVersion = "Xcode 9.3";
			developmentRegion = en;
			hasScannedForEncodings = 0;
			knownRegions = (
				en,
				Base,
			);
			mainGroup = 807A4DDC2303A7EE00F0E360;
			productRefGroup = 807A4DE62303A7EE00F0E360 /* Products */;
			projectDirPath = "";
			projectRoot = "";
			targets = (
				807A4DE42303A7EE00F0E360 /* ThreadGroup */,
			);
		};
/* End PBXProject section */

/* Begin PBXResourcesBuildPhase section */
		807A4DE32303A7EE00F0E360 /* Resources */ = {
			isa = PBXResourcesBuildPhase;
			buildActionMask = 2147483647;
			files = (
				807A4DF52303A7F000F0E360 /* LaunchScreen.storyboard in Resources */,
				807A4DF22303A7F000F0E360 /* Assets.xcassets in Resources */,
				807A4DF02303A7EE00F0E360 /* Main.storyboard in Resources */,
			);
			runOnlyForDeploymentPostprocessing = 0;
		};
/* End PBXResourcesBuildPhase section */

/* Begin PBXSourcesBuildPhase section */
		807A4DE12303A7EE00F0E360 /* Sources */ = {
			isa = PBXSourcesBuildPhase;
			buildActionMask = 2147483647;
			files = (
				807A4DED2303A7EE00F0E360 /* ViewController.m in Sources */,
				807A4DF82303A7F000F0E360 /* main.m in Sources */,
				807A4DEA2303A7EE00F0E360 /* AppDelegate.m in Sources */,
			);
			runOnlyForDeploymentPostprocessing = 0;
		};
/* End PBXSourcesBuildPhase section */

/* Begin PBXVariantGroup section */
		807A4DEE2303A7EE00F0E360 /* Main.storyboard */ = {
			isa = PBXVariantGroup;
			children = (
				807A4DEF2303A7EE00F0E360 /* Base */,
			);
			name = Main.storyboard;
			sourceTree = "<group>";
		};
		807A4DF32303A7F000F0E360 /* LaunchScreen.storyboard */ = {
			isa = PBXVariantGroup;
			children = (
				807A4DF42303A7F000F0E360 /* Base */,
			);
			name = LaunchScreen.storyboard;
			sourceTree = "<group>";
		};
/* End PBXVariantGroup section */

/* Begin XCBuildConfiguration section */
		807A4DF92303A7F000F0E360 /* Debug */ = {
			isa = XCBuildConfiguration;
			buildSettings = {
				ALWAYS_SEARCH_USER_PATHS = NO;
				CLANG_ANALYZER_NONNULL = YES;
				CLANG_ANALYZER_NUMBER_OBJECT_CONVERSION = YES_AGGRESSIVE;
				CLANG_CXX_LANGUAGE_STANDARD = "gnu++14";
				CLANG_CXX_LIBRARY = "libc++";
				CLANG_ENABLE_MODULES = YES;
				CLANG_ENABLE_OBJC_ARC = YES;
				CLANG_ENABLE_OBJC_WEAK = YES;
				CLANG_WARN_BLOCK_CAPTURE_AUTORELEASING = YES;
				CLANG_WARN_BOOL_CONVERSION = YES;
				CLANG_WARN_COMMA = YES;
				CLANG_WARN_CONSTANT_CONVERSION = YES;
				CLANG_WARN_DEPRECATED_OBJC_IMPLEMENTATIONS = YES;
				CLANG_WARN_DIRECT_OBJC_ISA_USAGE = YES_ERROR;
				CLANG_WARN_DOCUMENTATION_COMMENTS = YES;
				CLANG_WARN_EMPTY_BODY = YES;
				CLANG_WARN_ENUM_CONVERSION = YES;
				CLANG_WARN_INFINITE_RECURSION = YES;
				CLANG_WARN_INT_CONVERSION = YES;
				CLANG_WARN_NON_LITERAL_NULL_CONVERSION = YES;
				CLANG_WARN_OBJC_IMPLICIT_RETAIN_SELF = YES;
				CLANG_WARN_OBJC_LITERAL_CONVERSION = YES;
				CLANG_WARN_OBJC_ROOT_CLASS = YES_ERROR;
				CLANG_WARN_RANGE_LOOP_ANALYSIS = YES;
				CLANG_WARN_STRICT_PROTOTYPES = YES;
				CLANG_WARN_SUSPICIOUS_MOVE = YES;
				CLANG_WARN_UNGUARDED_AVAILABILITY = YES_AGGRESSIVE;
				CLANG_WARN_UNREACHABLE_CODE = YES;
				CLANG_WARN__DUPLICATE_METHOD_MATCH = YES;
				CODE_SIGN_IDENTITY = "iPhone Developer";
				COPY_PHASE_STRIP = NO;
				DEBUG_INFORMATION_FORMAT = dwarf;
				ENABLE_STRICT_OBJC_MSGSEND = YES;
				ENABLE_TESTABILITY = YES;
				GCC_C_LANGUAGE_STANDARD = gnu11;
				GCC_DYNAMIC_NO_PIC = NO;
				GCC_NO_COMMON_BLOCKS = YES;
				GCC_OPTIMIZATION_LEVEL = 0;
				GCC_PREPROCESSOR_DEFINITIONS = (
					"DEBUG=1",
					"$(inherited)",
				);
				GCC_WARN_64_TO_32_BIT_CONVERSION = YES;
				GCC_WARN_ABOUT_RETURN_TYPE = YES_ERROR;
				GCC_WARN_UNDECLARED_SELECTOR = YES;
				GCC_WARN_UNINITIALIZED_AUTOS = YES_AGGRESSIVE;
				GCC_WARN_UNUSED_FUNCTION = YES;
				GCC_WARN_UNUSED_VARIABLE = YES;
				IPHONEOS_DEPLOYMENT_TARGET = 12.4;
				MTL_ENABLE_DEBUG_INFO = INCLUDE_SOURCE;
				MTL_FAST_MATH = YES;
				ONLY_ACTIVE_ARCH = YES;
				SDKROOT = iphoneos;
			};
			name = Debug;
		};
		807A4DFA2303A7F000F0E360 /* Release */ = {
			isa = XCBuildConfiguration;
			buildSettings = {
				ALWAYS_SEARCH_USER_PATHS = NO;
				CLANG_ANALYZER_NONNULL = YES;
				CLANG_ANALYZER_NUMBER_OBJECT_CONVERSION = YES_AGGRESSIVE;
				CLANG_CXX_LANGUAGE_STANDARD = "gnu++14";
				CLANG_CXX_LIBRARY = "libc++";
				CLANG_ENABLE_MODULES = YES;
				CLANG_ENABLE_OBJC_ARC = YES;
				CLANG_ENABLE_OBJC_WEAK = YES;
				CLANG_WARN_BLOCK_CAPTURE_AUTORELEASING = YES;
				CLANG_WARN_BOOL_CONVERSION = YES;
				CLANG_WARN_COMMA = YES;
				CLANG_WARN_CONSTANT_CONVERSION = YES;
				CLANG_WARN_DEPRECATED_OBJC_IMPLEMENTATIONS = YES;
				CLANG_WARN_DIRECT_OBJC_ISA_USAGE = YES_ERROR;
				CLANG_WARN_DOCUMENTATION_COMMENTS = YES;
				CLANG_WARN_EMPTY_BODY = YES;
				CLANG_WARN_ENUM_CONVERSION = YES;
				CLANG_WARN_INFINITE_RECURSION = YES;
				CLANG_WARN_INT_CONVERSION = YES;
				CLANG_WARN_NON_LITERAL_NULL_CONVERSION = YES;
				CLANG_WARN_OBJC_IMPLICIT_RETAIN_SELF = YES;
				CLANG_WARN_OBJC_LITERAL_CONVERSION = YES;
				CLANG_WARN_OBJC_ROOT_CLASS = YES_ERROR;
				CLANG_WARN_RANGE_LOOP_ANALYSIS = YES;
				CLANG_WARN_STRICT_PROTOTYPES = YES;
				CLANG_WARN_SUSPICIOUS_MOVE = YES;
				CLANG_WARN_UNGUARDED_AVAILABILITY = YES_AGGRESSIVE;
				CLANG_WARN_UNREACHABLE_CODE = YES;
				CLANG_WARN__DUPLICATE_METHOD_MATCH = YES;
				CODE_SIGN_IDENTITY = "iPhone Developer";
				COPY_PHASE_STRIP = NO;
				DEBUG_INFORMATION_FORMAT = "dwarf-with-dsym";
				ENABLE_NS_ASSERTIONS = NO;
				ENABLE_STRICT_OBJC_MSGSEND = YES;
				GCC_C_LANGUAGE_STANDARD = gnu11;
				GCC_NO_COMMON_BLOCKS = YES;
				GCC_WARN_64_TO_32_BIT_CONVERSION = YES;
				GCC_WARN_ABOUT_RETURN_TYPE = YES_ERROR;
				GCC_WARN_UNDECLARED_SELECTOR = YES;
				GCC_WARN_UNINITIALIZED_AUTOS = YES_AGGRESSIVE;
				GCC_WARN_UNUSED_FUNCTION = YES;
				GCC_WARN_UNUSED_VARIABLE = YES;
				IPHONEOS_DEPLOYMENT_TARGET = 12.4;
				MTL_ENABLE_DEBUG_INFO = NO;
				MTL_FAST_MATH = YES;
				SDKROOT = iphoneos;
				VALIDATE_PRODUCT = YES;
			};
			name = Release;
		};
		807A4DFC2303A7F000F0E360 /* Debug */ = {
			isa = XCBuildConfiguration;
			buildSettings = {
				ASSETCATALOG_COMPILER_APPICON_NAME = AppIcon;
				CODE_SIGN_STYLE = Automatic;
				DEVELOPMENT_TEAM = 5F5U5TFB26;
				INFOPLIST_FILE = ThreadGroup/Info.plist;
				LD_RUNPATH_SEARCH_PATHS = (
					"$(inherited)",
					"@executable_path/Frameworks",
				);
				PRODUCT_BUNDLE_IDENTIFIER = com.lenovo.anyshare.ThreadGroup;
				PRODUCT_NAME = "$(TARGET_NAME)";
				TARGETED_DEVICE_FAMILY = "1,2";
			};
			name = Debug;
		};
		807A4DFD2303A7F000F0E360 /* Release */ = {
			isa = XCBuildConfiguration;
			buildSettings = {
				ASSETCATALOG_COMPILER_APPICON_NAME = AppIcon;
				CODE_SIGN_STYLE = Automatic;
				DEVELOPMENT_TEAM = 5F5U5TFB26;
				INFOPLIST_FILE = ThreadGroup/Info.plist;
				LD_RUNPATH_SEARCH_PATHS = (
					"$(inherited)",
					"@executable_path/Frameworks",
				);
				PRODUCT_BUNDLE_IDENTIFIER = com.lenovo.anyshare.ThreadGroup;
				PRODUCT_NAME = "$(TARGET_NAME)";
				TARGETED_DEVICE_FAMILY = "1,2";
			};
			name = Release;
		};
/* End XCBuildConfiguration section */

/* Begin XCConfigurationList section */
		807A4DE02303A7EE00F0E360 /* Build configuration list for PBXProject "ThreadGroup" */ = {
			isa = XCConfigurationList;
			buildConfigurations = (
				807A4DF92303A7F000F0E360 /* Debug */,
				807A4DFA2303A7F000F0E360 /* Release */,
			);
			defaultConfigurationIsVisible = 0;
			defaultConfigurationName = Release;
		};
		807A4DFB2303A7F000F0E360 /* Build configuration list for PBXNativeTarget "ThreadGroup" */ = {
			isa = XCConfigurationList;
			buildConfigurations = (
				807A4DFC2303A7F000F0E360 /* Debug */,
				807A4DFD2303A7F000F0E360 /* Release */,
			);
			defaultConfigurationIsVisible = 0;
			defaultConfigurationName = Release;
		};
/* End XCConfigurationList section */
	};
	rootObject = 807A4DDD2303A7EE00F0E360 /* Project object */;
}
